
Microsoft Visual Studio Solution File, Format Version 12.00
# Visual Studio 15
VisualStudioVersion = 15.0.28010.2003
MinimumVisualStudioVersion = 10.0.40219.1
Project("{FAE04EC0-301F-11D3-BF4B-00C04F79EFBC}") = "SistemasContables", "SistemasContables\SistemasContables.csproj", "{A56F5E2B-3603-4E8B-BE48-E0B89F793F46}"
EndProject
Global
	GlobalSection(SolutionConfigurationPlatforms) = preSolution
		Debug|Any CPU = Debug|Any CPU
		Release|Any CPU = Release|Any CPU
	EndGlobalSection
	GlobalSection(ProjectConfigurationPlatforms) = postSolution
		{A56F5E2B-3603-4E8B-BE48-E0B89F793F46}.Debug|Any CPU.ActiveCfg = Debug|Any CPU
		{A56F5E2B-3603-4E8B-BE48-E0B89F793F46}.Debug|Any CPU.Build.0 = Debug|Any CPU
		{A56F5E2B-3603-4E8B-BE48-E0B89F793F46}.Release|Any CPU.ActiveCfg = Release|Any CPU
		{A56F5E2B-3603-4E8B-BE48-E0B89F793F46}.Release|Any CPU.Build.0 = Release|Any CPU
	EndGlobalSection
	GlobalSection(SolutionProperties) = preSolution
		HideSolutionNode = FALSE
	EndGlobalSection
	GlobalSection(ExtensibilityGlobals) = postSolution
		SolutionGuid = {62391953-D904-47BC-9A03-DB2516903FE2}
	EndGlobalSection
EndGlobal
